// !$*UTF8*$!
{
	archiveVersion = 1;
	classes = {
	};
	objectVersion = 56;
	objects = {

/* Begin PBXBuildFile section */
		E20957662A32F55900FCBD47 /* AfricaApp.swift in Sources */ = {isa = PBXBuildFile; fileRef = E20957652A32F55900FCBD47 /* AfricaApp.swift */; };
		E20957682A32F55900FCBD47 /* ContentView.swift in Sources */ = {isa = PBXBuildFile; fileRef = E20957672A32F55900FCBD47 /* ContentView.swift */; };
		E209576A2A32F55F00FCBD47 /* Assets.xcassets in Resources */ = {isa = PBXBuildFile; fileRef = E20957692A32F55F00FCBD47 /* Assets.xcassets */; };
		E209576D2A32F55F00FCBD47 /* Preview Assets.xcassets in Resources */ = {isa = PBXBuildFile; fileRef = E209576C2A32F55F00FCBD47 /* Preview Assets.xcassets */; };
		E2AEA92C2A36E1CD002EFB21 /* VideoListView.swift in Sources */ = {isa = PBXBuildFile; fileRef = E2AEA92B2A36E1CD002EFB21 /* VideoListView.swift */; };
		E2AEA92E2A36E1F1002EFB21 /* MapView.swift in Sources */ = {isa = PBXBuildFile; fileRef = E2AEA92D2A36E1F1002EFB21 /* MapView.swift */; };
		E2AEA9302A36E217002EFB21 /* GalleryView.swift in Sources */ = {isa = PBXBuildFile; fileRef = E2AEA92F2A36E217002EFB21 /* GalleryView.swift */; };
		E2AEA9342A36E25E002EFB21 /* MainView.swift in Sources */ = {isa = PBXBuildFile; fileRef = E2AEA9332A36E25E002EFB21 /* MainView.swift */; };
		E2AEA9372A36EE7B002EFB21 /* CoverImageView.swift in Sources */ = {isa = PBXBuildFile; fileRef = E2AEA9362A36EE7B002EFB21 /* CoverImageView.swift */; };
		E2AEA93B2A36F0A5002EFB21 /* CoverImageModel.swift in Sources */ = {isa = PBXBuildFile; fileRef = E2AEA93A2A36F0A5002EFB21 /* CoverImageModel.swift */; };
		E2AEA93E2A36F1D8002EFB21 /* CodableBundleExtension.swift in Sources */ = {isa = PBXBuildFile; fileRef = E2AEA93D2A36F1D8002EFB21 /* CodableBundleExtension.swift */; };
		E2AEA9422A36FC1E002EFB21 /* AnimalListItemView.swift in Sources */ = {isa = PBXBuildFile; fileRef = E2AEA9412A36FC1E002EFB21 /* AnimalListItemView.swift */; };
		E2AEA9442A36FDA2002EFB21 /* AnimalModel.swift in Sources */ = {isa = PBXBuildFile; fileRef = E2AEA9432A36FDA2002EFB21 /* AnimalModel.swift */; };
		E2AEA9462A3718CA002EFB21 /* AnimalDetailView.swift in Sources */ = {isa = PBXBuildFile; fileRef = E2AEA9452A3718CA002EFB21 /* AnimalDetailView.swift */; };
		E2AEA9482A371ADE002EFB21 /* HeadingView.swift in Sources */ = {isa = PBXBuildFile; fileRef = E2AEA9472A371ADE002EFB21 /* HeadingView.swift */; };
		E2AEA94A2A371BC3002EFB21 /* InsetGalleryView.swift in Sources */ = {isa = PBXBuildFile; fileRef = E2AEA9492A371BC3002EFB21 /* InsetGalleryView.swift */; };
		E2AEA94C2A373706002EFB21 /* InsetFactView.swift in Sources */ = {isa = PBXBuildFile; fileRef = E2AEA94B2A373706002EFB21 /* InsetFactView.swift */; };
		E2AEA94E2A373961002EFB21 /* InsetMapView.swift in Sources */ = {isa = PBXBuildFile; fileRef = E2AEA94D2A373961002EFB21 /* InsetMapView.swift */; };
		E2AEA9502A373DBD002EFB21 /* ExternalWeblinkView.swift in Sources */ = {isa = PBXBuildFile; fileRef = E2AEA94F2A373DBD002EFB21 /* ExternalWeblinkView.swift */; };
		E2AEA9522A37441F002EFB21 /* VideoModel.swift in Sources */ = {isa = PBXBuildFile; fileRef = E2AEA9512A37441F002EFB21 /* VideoModel.swift */; };
		E2AEA9542A374482002EFB21 /* VideoListItemView.swift in Sources */ = {isa = PBXBuildFile; fileRef = E2AEA9532A374482002EFB21 /* VideoListItemView.swift */; };
		E2B6D3A72A374BF100AEFC7F /* VideoPlayerView.swift in Sources */ = {isa = PBXBuildFile; fileRef = E2B6D3A62A374BF100AEFC7F /* VideoPlayerView.swift */; };
		E2B6D3AA2A374CCF00AEFC7F /* VideoPlayerHelper.swift in Sources */ = {isa = PBXBuildFile; fileRef = E2B6D3A92A374CCF00AEFC7F /* VideoPlayerHelper.swift */; };
		E2B6F14E2A383FA2003023C1 /* AnimalGridItemView.swift in Sources */ = {isa = PBXBuildFile; fileRef = E2B6F14D2A383FA2003023C1 /* AnimalGridItemView.swift */; };
		E2B6F1542A384E92003023C1 /* Stickers.xcassets in Resources */ = {isa = PBXBuildFile; fileRef = E2B6F1532A384E92003023C1 /* Stickers.xcassets */; };
		E2B6F1582A384E92003023C1 /* Stickers.appex in Embed Foundation Extensions */ = {isa = PBXBuildFile; fileRef = E2B6F1512A384E8F003023C1 /* Stickers.appex */; settings = {ATTRIBUTES = (RemoveHeadersOnCopy, ); }; };
		E2B6F15E2A3850B6003023C1 /* CreditsView.swift in Sources */ = {isa = PBXBuildFile; fileRef = E2B6F15D2A3850B6003023C1 /* CreditsView.swift */; };
		E2B6F1612A385313003023C1 /* CenterModeifier.swift in Sources */ = {isa = PBXBuildFile; fileRef = E2B6F1602A385313003023C1 /* CenterModeifier.swift */; };
		E2BACE652A36D98D00D8831B /* gorilla.mp4 in Resources */ = {isa = PBXBuildFile; fileRef = E2BACE5B2A36D98900D8831B /* gorilla.mp4 */; };
		E2BACE662A36D98D00D8831B /* cheetah.mp4 in Resources */ = {isa = PBXBuildFile; fileRef = E2BACE5C2A36D98A00D8831B /* cheetah.mp4 */; };
		E2BACE672A36D98D00D8831B /* lioness.mp4 in Resources */ = {isa = PBXBuildFile; fileRef = E2BACE5D2A36D98A00D8831B /* lioness.mp4 */; };
		E2BACE682A36D98D00D8831B /* zebra.mp4 in Resources */ = {isa = PBXBuildFile; fileRef = E2BACE5E2A36D98A00D8831B /* zebra.mp4 */; };
		E2BACE692A36D98D00D8831B /* elephant.mp4 in Resources */ = {isa = PBXBuildFile; fileRef = E2BACE5F2A36D98B00D8831B /* elephant.mp4 */; };
		E2BACE6A2A36D98D00D8831B /* rhino.mp4 in Resources */ = {isa = PBXBuildFile; fileRef = E2BACE602A36D98B00D8831B /* rhino.mp4 */; };
		E2BACE6B2A36D98D00D8831B /* giraffe.mp4 in Resources */ = {isa = PBXBuildFile; fileRef = E2BACE612A36D98C00D8831B /* giraffe.mp4 */; };
		E2BACE6C2A36D98D00D8831B /* lion.mp4 in Resources */ = {isa = PBXBuildFile; fileRef = E2BACE622A36D98C00D8831B /* lion.mp4 */; };
		E2BACE6D2A36D98D00D8831B /* ostrich.mp4 in Resources */ = {isa = PBXBuildFile; fileRef = E2BACE632A36D98C00D8831B /* ostrich.mp4 */; };
		E2BACE6E2A36D98D00D8831B /* hippo.mp4 in Resources */ = {isa = PBXBuildFile; fileRef = E2BACE642A36D98D00D8831B /* hippo.mp4 */; };
		E2BACE742A36D9D400D8831B /* covers.json in Resources */ = {isa = PBXBuildFile; fileRef = E2BACE702A36D9D400D8831B /* covers.json */; };
		E2BACE752A36D9D400D8831B /* videos.json in Resources */ = {isa = PBXBuildFile; fileRef = E2BACE712A36D9D400D8831B /* videos.json */; };
		E2BACE762A36D9D400D8831B /* animals.json in Resources */ = {isa = PBXBuildFile; fileRef = E2BACE722A36D9D400D8831B /* animals.json */; };
		E2BACE772A36D9D400D8831B /* locations.json in Resources */ = {isa = PBXBuildFile; fileRef = E2BACE732A36D9D400D8831B /* locations.json */; };
		E2D1D9EA2A38131A00CB27F0 /* LocationModel.swift in Sources */ = {isa = PBXBuildFile; fileRef = E2D1D9E92A38131A00CB27F0 /* LocationModel.swift */; };
		E2D1D9EC2A38171400CB27F0 /* MapAnnotaionView.swift in Sources */ = {isa = PBXBuildFile; fileRef = E2D1D9EB2A38171400CB27F0 /* MapAnnotaionView.swift */; };
		E2D1D9EE2A381E2600CB27F0 /* MotionAnimationView.swift in Sources */ = {isa = PBXBuildFile; fileRef = E2D1D9ED2A381E2600CB27F0 /* MotionAnimationView.swift */; };
/* End PBXBuildFile section */

/* Begin PBXContainerItemProxy section */
		E2B6F1562A384E92003023C1 /* PBXContainerItemProxy */ = {
			isa = PBXContainerItemProxy;
			containerPortal = E209575A2A32F55900FCBD47 /* Project object */;
			proxyType = 1;
			remoteGlobalIDString = E2B6F1502A384E8F003023C1;
			remoteInfo = Stickers;
		};
/* End PBXContainerItemProxy section */

/* Begin PBXCopyFilesBuildPhase section */
		E2B6F1592A384E92003023C1 /* Embed Foundation Extensions */ = {
			isa = PBXCopyFilesBuildPhase;
			buildActionMask = 2147483647;
			dstPath = "";
			dstSubfolderSpec = 13;
			files = (
				E2B6F1582A384E92003023C1 /* Stickers.appex in Embed Foundation Extensions */,
			);
			name = "Embed Foundation Extensions";
			runOnlyForDeploymentPostprocessing = 0;
		};
/* End PBXCopyFilesBuildPhase section */

/* Begin PBXFileReference section */
		E20957622A32F55900FCBD47 /* Africa.app */ = {isa = PBXFileReference; explicitFileType = wrapper.application; includeInIndex = 0; path = Africa.app; sourceTree = BUILT_PRODUCTS_DIR; };
		E20957652A32F55900FCBD47 /* AfricaApp.swift */ = {isa = PBXFileReference; lastKnownFileType = sourcecode.swift; path = AfricaApp.swift; sourceTree = "<group>"; };
		E20957672A32F55900FCBD47 /* ContentView.swift */ = {isa = PBXFileReference; lastKnownFileType = sourcecode.swift; path = ContentView.swift; sourceTree = "<group>"; };
		E20957692A32F55F00FCBD47 /* Assets.xcassets */ = {isa = PBXFileReference; lastKnownFileType = folder.assetcatalog; path = Assets.xcassets; sourceTree = "<group>"; };
		E209576C2A32F55F00FCBD47 /* Preview Assets.xcassets */ = {isa = PBXFileReference; lastKnownFileType = folder.assetcatalog; path = "Preview Assets.xcassets"; sourceTree = "<group>"; };
		E2AEA92B2A36E1CD002EFB21 /* VideoListView.swift */ = {isa = PBXFileReference; lastKnownFileType = sourcecode.swift; path = VideoListView.swift; sourceTree = "<group>"; };
		E2AEA92D2A36E1F1002EFB21 /* MapView.swift */ = {isa = PBXFileReference; lastKnownFileType = sourcecode.swift; path = MapView.swift; sourceTree = "<group>"; };
		E2AEA92F2A36E217002EFB21 /* GalleryView.swift */ = {isa = PBXFileReference; lastKnownFileType = sourcecode.swift; path = GalleryView.swift; sourceTree = "<group>"; };
		E2AEA9332A36E25E002EFB21 /* MainView.swift */ = {isa = PBXFileReference; lastKnownFileType = sourcecode.swift; path = MainView.swift; sourceTree = "<group>"; };
		E2AEA9362A36EE7B002EFB21 /* CoverImageView.swift */ = {isa = PBXFileReference; lastKnownFileType = sourcecode.swift; path = CoverImageView.swift; sourceTree = "<group>"; };
		E2AEA93A2A36F0A5002EFB21 /* CoverImageModel.swift */ = {isa = PBXFileReference; lastKnownFileType = sourcecode.swift; path = CoverImageModel.swift; sourceTree = "<group>"; };
		E2AEA93D2A36F1D8002EFB21 /* CodableBundleExtension.swift */ = {isa = PBXFileReference; lastKnownFileType = sourcecode.swift; path = CodableBundleExtension.swift; sourceTree = "<group>"; };
		E2AEA9412A36FC1E002EFB21 /* AnimalListItemView.swift */ = {isa = PBXFileReference; lastKnownFileType = sourcecode.swift; path = AnimalListItemView.swift; sourceTree = "<group>"; };
		E2AEA9432A36FDA2002EFB21 /* AnimalModel.swift */ = {isa = PBXFileReference; lastKnownFileType = sourcecode.swift; path = AnimalModel.swift; sourceTree = "<group>"; };
		E2AEA9452A3718CA002EFB21 /* AnimalDetailView.swift */ = {isa = PBXFileReference; lastKnownFileType = sourcecode.swift; path = AnimalDetailView.swift; sourceTree = "<group>"; };
		E2AEA9472A371ADE002EFB21 /* HeadingView.swift */ = {isa = PBXFileReference; lastKnownFileType = sourcecode.swift; path = HeadingView.swift; sourceTree = "<group>"; };
		E2AEA9492A371BC3002EFB21 /* InsetGalleryView.swift */ = {isa = PBXFileReference; lastKnownFileType = sourcecode.swift; path = InsetGalleryView.swift; sourceTree = "<group>"; };
		E2AEA94B2A373706002EFB21 /* InsetFactView.swift */ = {isa = PBXFileReference; lastKnownFileType = sourcecode.swift; path = InsetFactView.swift; sourceTree = "<group>"; };
		E2AEA94D2A373961002EFB21 /* InsetMapView.swift */ = {isa = PBXFileReference; lastKnownFileType = sourcecode.swift; path = InsetMapView.swift; sourceTree = "<group>"; };
		E2AEA94F2A373DBD002EFB21 /* ExternalWeblinkView.swift */ = {isa = PBXFileReference; lastKnownFileType = sourcecode.swift; path = ExternalWeblinkView.swift; sourceTree = "<group>"; };
		E2AEA9512A37441F002EFB21 /* VideoModel.swift */ = {isa = PBXFileReference; lastKnownFileType = sourcecode.swift; path = VideoModel.swift; sourceTree = "<group>"; };
		E2AEA9532A374482002EFB21 /* VideoListItemView.swift */ = {isa = PBXFileReference; lastKnownFileType = sourcecode.swift; path = VideoListItemView.swift; sourceTree = "<group>"; };
		E2B6D3A62A374BF100AEFC7F /* VideoPlayerView.swift */ = {isa = PBXFileReference; lastKnownFileType = sourcecode.swift; path = VideoPlayerView.swift; sourceTree = "<group>"; };
		E2B6D3A92A374CCF00AEFC7F /* VideoPlayerHelper.swift */ = {isa = PBXFileReference; lastKnownFileType = sourcecode.swift; path = VideoPlayerHelper.swift; sourceTree = "<group>"; };
		E2B6F14D2A383FA2003023C1 /* AnimalGridItemView.swift */ = {isa = PBXFileReference; lastKnownFileType = sourcecode.swift; path = AnimalGridItemView.swift; sourceTree = "<group>"; };
		E2B6F1512A384E8F003023C1 /* Stickers.appex */ = {isa = PBXFileReference; explicitFileType = "wrapper.app-extension"; includeInIndex = 0; path = Stickers.appex; sourceTree = BUILT_PRODUCTS_DIR; };
		E2B6F1532A384E92003023C1 /* Stickers.xcassets */ = {isa = PBXFileReference; lastKnownFileType = folder.assetcatalog; path = Stickers.xcassets; sourceTree = "<group>"; };
		E2B6F1552A384E92003023C1 /* Info.plist */ = {isa = PBXFileReference; lastKnownFileType = text.plist.xml; path = Info.plist; sourceTree = "<group>"; };
		E2B6F15D2A3850B6003023C1 /* CreditsView.swift */ = {isa = PBXFileReference; lastKnownFileType = sourcecode.swift; path = CreditsView.swift; sourceTree = "<group>"; };
		E2B6F1602A385313003023C1 /* CenterModeifier.swift */ = {isa = PBXFileReference; lastKnownFileType = sourcecode.swift; path = CenterModeifier.swift; sourceTree = "<group>"; };
		E2B6F1622A3853E6003023C1 /* Stickers.entitlements */ = {isa = PBXFileReference; lastKnownFileType = text.plist.entitlements; path = Stickers.entitlements; sourceTree = "<group>"; };
		E2BACE5B2A36D98900D8831B /* gorilla.mp4 */ = {isa = PBXFileReference; lastKnownFileType = file; path = gorilla.mp4; sourceTree = "<group>"; };
		E2BACE5C2A36D98A00D8831B /* cheetah.mp4 */ = {isa = PBXFileReference; lastKnownFileType = file; path = cheetah.mp4; sourceTree = "<group>"; };
		E2BACE5D2A36D98A00D8831B /* lioness.mp4 */ = {isa = PBXFileReference; lastKnownFileType = file; path = lioness.mp4; sourceTree = "<group>"; };
		E2BACE5E2A36D98A00D8831B /* zebra.mp4 */ = {isa = PBXFileReference; lastKnownFileType = file; path = zebra.mp4; sourceTree = "<group>"; };
		E2BACE5F2A36D98B00D8831B /* elephant.mp4 */ = {isa = PBXFileReference; lastKnownFileType = file; path = elephant.mp4; sourceTree = "<group>"; };
		E2BACE602A36D98B00D8831B /* rhino.mp4 */ = {isa = PBXFileReference; lastKnownFileType = file; path = rhino.mp4; sourceTree = "<group>"; };
		E2BACE612A36D98C00D8831B /* giraffe.mp4 */ = {isa = PBXFileReference; lastKnownFileType = file; path = giraffe.mp4; sourceTree = "<group>"; };
		E2BACE622A36D98C00D8831B /* lion.mp4 */ = {isa = PBXFileReference; lastKnownFileType = file; path = lion.mp4; sourceTree = "<group>"; };
		E2BACE632A36D98C00D8831B /* ostrich.mp4 */ = {isa = PBXFileReference; lastKnownFileType = file; path = ostrich.mp4; sourceTree = "<group>"; };
		E2BACE642A36D98D00D8831B /* hippo.mp4 */ = {isa = PBXFileReference; lastKnownFileType = file; path = hippo.mp4; sourceTree = "<group>"; };
		E2BACE702A36D9D400D8831B /* covers.json */ = {isa = PBXFileReference; fileEncoding = 4; lastKnownFileType = text.json; path = covers.json; sourceTree = "<group>"; };
		E2BACE712A36D9D400D8831B /* videos.json */ = {isa = PBXFileReference; fileEncoding = 4; lastKnownFileType = text.json; path = videos.json; sourceTree = "<group>"; };
		E2BACE722A36D9D400D8831B /* animals.json */ = {isa = PBXFileReference; fileEncoding = 4; lastKnownFileType = text.json; path = animals.json; sourceTree = "<group>"; };
		E2BACE732A36D9D400D8831B /* locations.json */ = {isa = PBXFileReference; fileEncoding = 4; lastKnownFileType = text.json; path = locations.json; sourceTree = "<group>"; };
		E2BACE782A36DACC00D8831B /* Info.plist */ = {isa = PBXFileReference; lastKnownFileType = text.plist; path = Info.plist; sourceTree = "<group>"; };
		E2D1D9E92A38131A00CB27F0 /* LocationModel.swift */ = {isa = PBXFileReference; lastKnownFileType = sourcecode.swift; path = LocationModel.swift; sourceTree = "<group>"; };
		E2D1D9EB2A38171400CB27F0 /* MapAnnotaionView.swift */ = {isa = PBXFileReference; lastKnownFileType = sourcecode.swift; path = MapAnnotaionView.swift; sourceTree = "<group>"; };
		E2D1D9ED2A381E2600CB27F0 /* MotionAnimationView.swift */ = {isa = PBXFileReference; lastKnownFileType = sourcecode.swift; path = MotionAnimationView.swift; sourceTree = "<group>"; };
/* End PBXFileReference section */

/* Begin PBXFrameworksBuildPhase section */
		E209575F2A32F55900FCBD47 /* Frameworks */ = {
			isa = PBXFrameworksBuildPhase;
			buildActionMask = 2147483647;
			files = (
			);
			runOnlyForDeploymentPostprocessing = 0;
		};
/* End PBXFrameworksBuildPhase section */

/* Begin PBXGroup section */
		E20957592A32F55900FCBD47 = {
			isa = PBXGroup;
			children = (
				E20957642A32F55900FCBD47 /* Africa */,
				E2B6F1522A384E8F003023C1 /* Stickers */,
				E20957632A32F55900FCBD47 /* Products */,
			);
			sourceTree = "<group>";
		};
		E20957632A32F55900FCBD47 /* Products */ = {
			isa = PBXGroup;
			children = (
				E20957622A32F55900FCBD47 /* Africa.app */,
				E2B6F1512A384E8F003023C1 /* Stickers.appex */,
			);
			name = Products;
			sourceTree = "<group>";
		};
		E20957642A32F55900FCBD47 /* Africa */ = {
			isa = PBXGroup;
			children = (
				E2B6F15F2A3852E9003023C1 /* Modifier */,
				E2B6D3A82A374CB300AEFC7F /* Helper */,
				E2AEA93C2A36F1B6002EFB21 /* Extension */,
				E2AEA9392A36F07F002EFB21 /* Model */,
				E2AEA9352A36EE69002EFB21 /* View */,
				E2BACE782A36DACC00D8831B /* Info.plist */,
				E2BACE6F2A36D9B100D8831B /* Data */,
				E2BACE5A2A36D95E00D8831B /* Video */,
				E2BACE792A36DB9900D8831B /* App */,
				E20957692A32F55F00FCBD47 /* Assets.xcassets */,
				E209576B2A32F55F00FCBD47 /* Preview Content */,
			);
			path = Africa;
			sourceTree = "<group>";
		};
		E209576B2A32F55F00FCBD47 /* Preview Content */ = {
			isa = PBXGroup;
			children = (
				E209576C2A32F55F00FCBD47 /* Preview Assets.xcassets */,
			);
			path = "Preview Content";
			sourceTree = "<group>";
		};
		E2AEA9352A36EE69002EFB21 /* View */ = {
			isa = PBXGroup;
			children = (
				E2AEA9362A36EE7B002EFB21 /* CoverImageView.swift */,
				E2AEA9412A36FC1E002EFB21 /* AnimalListItemView.swift */,
				E2AEA9452A3718CA002EFB21 /* AnimalDetailView.swift */,
				E2AEA9472A371ADE002EFB21 /* HeadingView.swift */,
				E2AEA9492A371BC3002EFB21 /* InsetGalleryView.swift */,
				E2AEA94B2A373706002EFB21 /* InsetFactView.swift */,
				E2AEA94D2A373961002EFB21 /* InsetMapView.swift */,
				E2AEA94F2A373DBD002EFB21 /* ExternalWeblinkView.swift */,
				E2AEA9532A374482002EFB21 /* VideoListItemView.swift */,
				E2B6D3A62A374BF100AEFC7F /* VideoPlayerView.swift */,
				E2D1D9EB2A38171400CB27F0 /* MapAnnotaionView.swift */,
				E2D1D9ED2A381E2600CB27F0 /* MotionAnimationView.swift */,
				E2B6F14D2A383FA2003023C1 /* AnimalGridItemView.swift */,
				E2B6F15D2A3850B6003023C1 /* CreditsView.swift */,
			);
			path = View;
			sourceTree = "<group>";
		};
		E2AEA9392A36F07F002EFB21 /* Model */ = {
			isa = PBXGroup;
			children = (
				E2AEA93A2A36F0A5002EFB21 /* CoverImageModel.swift */,
				E2AEA9432A36FDA2002EFB21 /* AnimalModel.swift */,
				E2AEA9512A37441F002EFB21 /* VideoModel.swift */,
				E2D1D9E92A38131A00CB27F0 /* LocationModel.swift */,
			);
			path = Model;
			sourceTree = "<group>";
		};
		E2AEA93C2A36F1B6002EFB21 /* Extension */ = {
			isa = PBXGroup;
			children = (
				E2AEA93D2A36F1D8002EFB21 /* CodableBundleExtension.swift */,
			);
			path = Extension;
			sourceTree = "<group>";
		};
		E2B6D3A82A374CB300AEFC7F /* Helper */ = {
			isa = PBXGroup;
			children = (
				E2B6D3A92A374CCF00AEFC7F /* VideoPlayerHelper.swift */,
			);
			path = Helper;
			sourceTree = "<group>";
		};
		E2B6F1522A384E8F003023C1 /* Stickers */ = {
			isa = PBXGroup;
			children = (
				E2B6F1622A3853E6003023C1 /* Stickers.entitlements */,
				E2B6F1532A384E92003023C1 /* Stickers.xcassets */,
				E2B6F1552A384E92003023C1 /* Info.plist */,
			);
			path = Stickers;
			sourceTree = "<group>";
		};
		E2B6F15F2A3852E9003023C1 /* Modifier */ = {
			isa = PBXGroup;
			children = (
				E2B6F1602A385313003023C1 /* CenterModeifier.swift */,
			);
			path = Modifier;
			sourceTree = "<group>";
		};
		E2BACE5A2A36D95E00D8831B /* Video */ = {
			isa = PBXGroup;
			children = (
				E2BACE5C2A36D98A00D8831B /* cheetah.mp4 */,
				E2BACE5F2A36D98B00D8831B /* elephant.mp4 */,
				E2BACE612A36D98C00D8831B /* giraffe.mp4 */,
				E2BACE5B2A36D98900D8831B /* gorilla.mp4 */,
				E2BACE642A36D98D00D8831B /* hippo.mp4 */,
				E2BACE622A36D98C00D8831B /* lion.mp4 */,
				E2BACE5D2A36D98A00D8831B /* lioness.mp4 */,
				E2BACE632A36D98C00D8831B /* ostrich.mp4 */,
				E2BACE602A36D98B00D8831B /* rhino.mp4 */,
				E2BACE5E2A36D98A00D8831B /* zebra.mp4 */,
			);
			path = Video;
			sourceTree = "<group>";
		};
		E2BACE6F2A36D9B100D8831B /* Data */ = {
			isa = PBXGroup;
			children = (
				E2BACE722A36D9D400D8831B /* animals.json */,
				E2BACE702A36D9D400D8831B /* covers.json */,
				E2BACE732A36D9D400D8831B /* locations.json */,
				E2BACE712A36D9D400D8831B /* videos.json */,
			);
			path = Data;
			sourceTree = "<group>";
		};
		E2BACE792A36DB9900D8831B /* App */ = {
			isa = PBXGroup;
			children = (
				E20957652A32F55900FCBD47 /* AfricaApp.swift */,
				E20957672A32F55900FCBD47 /* ContentView.swift */,
				E2AEA92B2A36E1CD002EFB21 /* VideoListView.swift */,
				E2AEA92D2A36E1F1002EFB21 /* MapView.swift */,
				E2AEA92F2A36E217002EFB21 /* GalleryView.swift */,
				E2AEA9332A36E25E002EFB21 /* MainView.swift */,
			);
			path = App;
			sourceTree = "<group>";
		};
/* End PBXGroup section */

/* Begin PBXNativeTarget section */
		E20957612A32F55900FCBD47 /* Africa */ = {
			isa = PBXNativeTarget;
			buildConfigurationList = E20957702A32F55F00FCBD47 /* Build configuration list for PBXNativeTarget "Africa" */;
			buildPhases = (
				E209575E2A32F55900FCBD47 /* Sources */,
				E209575F2A32F55900FCBD47 /* Frameworks */,
				E20957602A32F55900FCBD47 /* Resources */,
				E2B6F1592A384E92003023C1 /* Embed Foundation Extensions */,
			);
			buildRules = (
			);
			dependencies = (
				E2B6F1572A384E92003023C1 /* PBXTargetDependency */,
			);
			name = Africa;
			productName = Africa;
			productReference = E20957622A32F55900FCBD47 /* Africa.app */;
			productType = "com.apple.product-type.application";
		};
		E2B6F1502A384E8F003023C1 /* Stickers */ = {
			isa = PBXNativeTarget;
			buildConfigurationList = E2B6F15C2A384E92003023C1 /* Build configuration list for PBXNativeTarget "Stickers" */;
			buildPhases = (
				E2B6F14F2A384E8F003023C1 /* Resources */,
			);
			buildRules = (
			);
			dependencies = (
			);
			name = Stickers;
			productName = Stickers;
			productReference = E2B6F1512A384E8F003023C1 /* Stickers.appex */;
			productType = "com.apple.product-type.app-extension.messages-sticker-pack";
		};
/* End PBXNativeTarget section */

/* Begin PBXProject section */
		E209575A2A32F55900FCBD47 /* Project object */ = {
			isa = PBXProject;
			attributes = {
				BuildIndependentTargetsInParallel = 1;
				LastSwiftUpdateCheck = 1430;
				LastUpgradeCheck = 1430;
				TargetAttributes = {
					E20957612A32F55900FCBD47 = {
						CreatedOnToolsVersion = 14.3.1;
					};
					E2B6F1502A384E8F003023C1 = {
						CreatedOnToolsVersion = 14.3.1;
					};
				};
			};
			buildConfigurationList = E209575D2A32F55900FCBD47 /* Build configuration list for PBXProject "Africa" */;
			compatibilityVersion = "Xcode 14.0";
			developmentRegion = en;
			hasScannedForEncodings = 0;
			knownRegions = (
				en,
				Base,
			);
			mainGroup = E20957592A32F55900FCBD47;
			productRefGroup = E20957632A32F55900FCBD47 /* Products */;
			projectDirPath = "";
			projectRoot = "";
			targets = (
				E20957612A32F55900FCBD47 /* Africa */,
				E2B6F1502A384E8F003023C1 /* Stickers */,
			);
		};
/* End PBXProject section */

/* Begin PBXResourcesBuildPhase section */
		E20957602A32F55900FCBD47 /* Resources */ = {
			isa = PBXResourcesBuildPhase;
			buildActionMask = 2147483647;
			files = (
				E2BACE762A36D9D400D8831B /* animals.json in Resources */,
				E2BACE742A36D9D400D8831B /* covers.json in Resources */,
				E2BACE772A36D9D400D8831B /* locations.json in Resources */,
				E2BACE6A2A36D98D00D8831B /* rhino.mp4 in Resources */,
				E2BACE662A36D98D00D8831B /* cheetah.mp4 in Resources */,
				E2BACE752A36D9D400D8831B /* videos.json in Resources */,
				E209576D2A32F55F00FCBD47 /* Preview Assets.xcassets in Resources */,
				E2BACE6C2A36D98D00D8831B /* lion.mp4 in Resources */,
				E2BACE6E2A36D98D00D8831B /* hippo.mp4 in Resources */,
				E2BACE672A36D98D00D8831B /* lioness.mp4 in Resources */,
				E2BACE652A36D98D00D8831B /* gorilla.mp4 in Resources */,
				E2BACE692A36D98D00D8831B /* elephant.mp4 in Resources */,
				E2BACE682A36D98D00D8831B /* zebra.mp4 in Resources */,
				E209576A2A32F55F00FCBD47 /* Assets.xcassets in Resources */,
				E2BACE6B2A36D98D00D8831B /* giraffe.mp4 in Resources */,
				E2BACE6D2A36D98D00D8831B /* ostrich.mp4 in Resources */,
			);
			runOnlyForDeploymentPostprocessing = 0;
		};
		E2B6F14F2A384E8F003023C1 /* Resources */ = {
			isa = PBXResourcesBuildPhase;
			buildActionMask = 2147483647;
			files = (
				E2B6F1542A384E92003023C1 /* Stickers.xcassets in Resources */,
			);
			runOnlyForDeploymentPostprocessing = 0;
		};
/* End PBXResourcesBuildPhase section */

/* Begin PBXSourcesBuildPhase section */
		E209575E2A32F55900FCBD47 /* Sources */ = {
			isa = PBXSourcesBuildPhase;
			buildActionMask = 2147483647;
			files = (
				E2AEA9502A373DBD002EFB21 /* ExternalWeblinkView.swift in Sources */,
				E20957682A32F55900FCBD47 /* ContentView.swift in Sources */,
				E2AEA9422A36FC1E002EFB21 /* AnimalListItemView.swift in Sources */,
				E2AEA9342A36E25E002EFB21 /* MainView.swift in Sources */,
				E2AEA94C2A373706002EFB21 /* InsetFactView.swift in Sources */,
				E2AEA9372A36EE7B002EFB21 /* CoverImageView.swift in Sources */,
				E2AEA93B2A36F0A5002EFB21 /* CoverImageModel.swift in Sources */,
				E2AEA9462A3718CA002EFB21 /* AnimalDetailView.swift in Sources */,
				E2AEA9442A36FDA2002EFB21 /* AnimalModel.swift in Sources */,
				E2AEA92E2A36E1F1002EFB21 /* MapView.swift in Sources */,
				E2B6D3AA2A374CCF00AEFC7F /* VideoPlayerHelper.swift in Sources */,
				E2AEA94E2A373961002EFB21 /* InsetMapView.swift in Sources */,
				E20957662A32F55900FCBD47 /* AfricaApp.swift in Sources */,
				E2AEA92C2A36E1CD002EFB21 /* VideoListView.swift in Sources */,
				E2AEA9522A37441F002EFB21 /* VideoModel.swift in Sources */,
				E2AEA9302A36E217002EFB21 /* GalleryView.swift in Sources */,
				E2D1D9EA2A38131A00CB27F0 /* LocationModel.swift in Sources */,
				E2AEA94A2A371BC3002EFB21 /* InsetGalleryView.swift in Sources */,
				E2B6F14E2A383FA2003023C1 /* AnimalGridItemView.swift in Sources */,
				E2AEA9542A374482002EFB21 /* VideoListItemView.swift in Sources */,
				E2AEA93E2A36F1D8002EFB21 /* CodableBundleExtension.swift in Sources */,
				E2B6F15E2A3850B6003023C1 /* CreditsView.swift in Sources */,
				E2AEA9482A371ADE002EFB21 /* HeadingView.swift in Sources */,
				E2B6F1612A385313003023C1 /* CenterModeifier.swift in Sources */,
				E2D1D9EE2A381E2600CB27F0 /* MotionAnimationView.swift in Sources */,
				E2D1D9EC2A38171400CB27F0 /* MapAnnotaionView.swift in Sources */,
				E2B6D3A72A374BF100AEFC7F /* VideoPlayerView.swift in Sources */,
			);
			runOnlyForDeploymentPostprocessing = 0;
		};
/* End PBXSourcesBuildPhase section */

/* Begin PBXTargetDependency section */
		E2B6F1572A384E92003023C1 /* PBXTargetDependency */ = {
			isa = PBXTargetDependency;
			target = E2B6F1502A384E8F003023C1 /* Stickers */;
			targetProxy = E2B6F1562A384E92003023C1 /* PBXContainerItemProxy */;
		};
/* End PBXTargetDependency section */

/* Begin XCBuildConfiguration section */
		E209576E2A32F55F00FCBD47 /* Debug */ = {
			isa = XCBuildConfiguration;
			buildSettings = {
				ALWAYS_SEARCH_USER_PATHS = NO;
				CLANG_ANALYZER_NONNULL = YES;
				CLANG_ANALYZER_NUMBER_OBJECT_CONVERSION = YES_AGGRESSIVE;
				CLANG_CXX_LANGUAGE_STANDARD = "gnu++20";
				CLANG_ENABLE_MODULES = YES;
				CLANG_ENABLE_OBJC_ARC = YES;
				CLANG_ENABLE_OBJC_WEAK = YES;
				CLANG_WARN_BLOCK_CAPTURE_AUTORELEASING = YES;
				CLANG_WARN_BOOL_CONVERSION = YES;
				CLANG_WARN_COMMA = YES;
				CLANG_WARN_CONSTANT_CONVERSION = YES;
				CLANG_WARN_DEPRECATED_OBJC_IMPLEMENTATIONS = YES;
				CLANG_WARN_DIRECT_OBJC_ISA_USAGE = YES_ERROR;
				CLANG_WARN_DOCUMENTATION_COMMENTS = YES;
				CLANG_WARN_EMPTY_BODY = YES;
				CLANG_WARN_ENUM_CONVERSION = YES;
				CLANG_WARN_INFINITE_RECURSION = YES;
				CLANG_WARN_INT_CONVERSION = YES;
				CLANG_WARN_NON_LITERAL_NULL_CONVERSION = YES;
				CLANG_WARN_OBJC_IMPLICIT_RETAIN_SELF = YES;
				CLANG_WARN_OBJC_LITERAL_CONVERSION = YES;
				CLANG_WARN_OBJC_ROOT_CLASS = YES_ERROR;
				CLANG_WARN_QUOTED_INCLUDE_IN_FRAMEWORK_HEADER = YES;
				CLANG_WARN_RANGE_LOOP_ANALYSIS = YES;
				CLANG_WARN_STRICT_PROTOTYPES = YES;
				CLANG_WARN_SUSPICIOUS_MOVE = YES;
				CLANG_WARN_UNGUARDED_AVAILABILITY = YES_AGGRESSIVE;
				CLANG_WARN_UNREACHABLE_CODE = YES;
				CLANG_WARN__DUPLICATE_METHOD_MATCH = YES;
				COPY_PHASE_STRIP = NO;
				DEBUG_INFORMATION_FORMAT = dwarf;
				ENABLE_STRICT_OBJC_MSGSEND = YES;
				ENABLE_TESTABILITY = YES;
				GCC_C_LANGUAGE_STANDARD = gnu11;
				GCC_DYNAMIC_NO_PIC = NO;
				GCC_NO_COMMON_BLOCKS = YES;
				GCC_OPTIMIZATION_LEVEL = 0;
				GCC_PREPROCESSOR_DEFINITIONS = (
					"DEBUG=1",
					"$(inherited)",
				);
				GCC_WARN_64_TO_32_BIT_CONVERSION = YES;
				GCC_WARN_ABOUT_RETURN_TYPE = YES_ERROR;
				GCC_WARN_UNDECLARED_SELECTOR = YES;
				GCC_WARN_UNINITIALIZED_AUTOS = YES_AGGRESSIVE;
				GCC_WARN_UNUSED_FUNCTION = YES;
				GCC_WARN_UNUSED_VARIABLE = YES;
				IPHONEOS_DEPLOYMENT_TARGET = 16.4;
				MTL_ENABLE_DEBUG_INFO = INCLUDE_SOURCE;
				MTL_FAST_MATH = YES;
				ONLY_ACTIVE_ARCH = YES;
				SDKROOT = iphoneos;
				SWIFT_ACTIVE_COMPILATION_CONDITIONS = DEBUG;
				SWIFT_OPTIMIZATION_LEVEL = "-Onone";
			};
			name = Debug;
		};
		E209576F2A32F55F00FCBD47 /* Release */ = {
			isa = XCBuildConfiguration;
			buildSettings = {
				ALWAYS_SEARCH_USER_PATHS = NO;
				CLANG_ANALYZER_NONNULL = YES;
				CLANG_ANALYZER_NUMBER_OBJECT_CONVERSION = YES_AGGRESSIVE;
				CLANG_CXX_LANGUAGE_STANDARD = "gnu++20";
				CLANG_ENABLE_MODULES = YES;
				CLANG_ENABLE_OBJC_ARC = YES;
				CLANG_ENABLE_OBJC_WEAK = YES;
				CLANG_WARN_BLOCK_CAPTURE_AUTORELEASING = YES;
				CLANG_WARN_BOOL_CONVERSION = YES;
				CLANG_WARN_COMMA = YES;
				CLANG_WARN_CONSTANT_CONVERSION = YES;
				CLANG_WARN_DEPRECATED_OBJC_IMPLEMENTATIONS = YES;
				CLANG_WARN_DIRECT_OBJC_ISA_USAGE = YES_ERROR;
				CLANG_WARN_DOCUMENTATION_COMMENTS = YES;
				CLANG_WARN_EMPTY_BODY = YES;
				CLANG_WARN_ENUM_CONVERSION = YES;
				CLANG_WARN_INFINITE_RECURSION = YES;
				CLANG_WARN_INT_CONVERSION = YES;
				CLANG_WARN_NON_LITERAL_NULL_CONVERSION = YES;
				CLANG_WARN_OBJC_IMPLICIT_RETAIN_SELF = YES;
				CLANG_WARN_OBJC_LITERAL_CONVERSION = YES;
				CLANG_WARN_OBJC_ROOT_CLASS = YES_ERROR;
				CLANG_WARN_QUOTED_INCLUDE_IN_FRAMEWORK_HEADER = YES;
				CLANG_WARN_RANGE_LOOP_ANALYSIS = YES;
				CLANG_WARN_STRICT_PROTOTYPES = YES;
				CLANG_WARN_SUSPICIOUS_MOVE = YES;
				CLANG_WARN_UNGUARDED_AVAILABILITY = YES_AGGRESSIVE;
				CLANG_WARN_UNREACHABLE_CODE = YES;
				CLANG_WARN__DUPLICATE_METHOD_MATCH = YES;
				COPY_PHASE_STRIP = NO;
				DEBUG_INFORMATION_FORMAT = "dwarf-with-dsym";
				ENABLE_NS_ASSERTIONS = NO;
				ENABLE_STRICT_OBJC_MSGSEND = YES;
				GCC_C_LANGUAGE_STANDARD = gnu11;
				GCC_NO_COMMON_BLOCKS = YES;
				GCC_WARN_64_TO_32_BIT_CONVERSION = YES;
				GCC_WARN_ABOUT_RETURN_TYPE = YES_ERROR;
				GCC_WARN_UNDECLARED_SELECTOR = YES;
				GCC_WARN_UNINITIALIZED_AUTOS = YES_AGGRESSIVE;
				GCC_WARN_UNUSED_FUNCTION = YES;
				GCC_WARN_UNUSED_VARIABLE = YES;
				IPHONEOS_DEPLOYMENT_TARGET = 16.4;
				MTL_ENABLE_DEBUG_INFO = NO;
				MTL_FAST_MATH = YES;
				SDKROOT = iphoneos;
				SWIFT_COMPILATION_MODE = wholemodule;
				SWIFT_OPTIMIZATION_LEVEL = "-O";
				VALIDATE_PRODUCT = YES;
			};
			name = Release;
		};
		E20957712A32F55F00FCBD47 /* Debug */ = {
			isa = XCBuildConfiguration;
			buildSettings = {
				ASSETCATALOG_COMPILER_APPICON_NAME = AppIcon;
				ASSETCATALOG_COMPILER_GLOBAL_ACCENT_COLOR_NAME = AccentColor;
				CODE_SIGN_STYLE = Automatic;
				CURRENT_PROJECT_VERSION = 1;
				DEVELOPMENT_ASSET_PATHS = "\"Africa/Preview Content\"";
				DEVELOPMENT_TEAM = 2WY4RH7F35;
				ENABLE_PREVIEWS = YES;
				GENERATE_INFOPLIST_FILE = YES;
				INFOPLIST_FILE = Africa/Info.plist;
				INFOPLIST_KEY_UIApplicationSceneManifest_Generation = YES;
				INFOPLIST_KEY_UIApplicationSupportsIndirectInputEvents = YES;
				INFOPLIST_KEY_UISupportedInterfaceOrientations_iPad = "UIInterfaceOrientationPortrait UIInterfaceOrientationPortraitUpsideDown UIInterfaceOrientationLandscapeLeft UIInterfaceOrientationLandscapeRight";
				INFOPLIST_KEY_UISupportedInterfaceOrientations_iPhone = "UIInterfaceOrientationPortrait UIInterfaceOrientationLandscapeLeft UIInterfaceOrientationLandscapeRight";
				INFOPLIST_KEY_UIUserInterfaceStyle = Dark;
				IPHONEOS_DEPLOYMENT_TARGET = 15.0;
				LD_RUNPATH_SEARCH_PATHS = (
					"$(inherited)",
					"@executable_path/Frameworks",
				);
				MARKETING_VERSION = 1.0;
				PRODUCT_BUNDLE_IDENTIFIER = com.masami.Africa;
				PRODUCT_NAME = "$(TARGET_NAME)";
				SWIFT_EMIT_LOC_STRINGS = YES;
				SWIFT_VERSION = 5.0;
				TARGETED_DEVICE_FAMILY = "1,2";
			};
			name = Debug;
		};
		E20957722A32F55F00FCBD47 /* Release */ = {
			isa = XCBuildConfiguration;
			buildSettings = {
				ASSETCATALOG_COMPILER_APPICON_NAME = AppIcon;
				ASSETCATALOG_COMPILER_GLOBAL_ACCENT_COLOR_NAME = AccentColor;
				CODE_SIGN_STYLE = Automatic;
				CURRENT_PROJECT_VERSION = 1;
				DEVELOPMENT_ASSET_PATHS = "\"Africa/Preview Content\"";
				DEVELOPMENT_TEAM = 2WY4RH7F35;
				ENABLE_PREVIEWS = YES;
				GENERATE_INFOPLIST_FILE = YES;
				INFOPLIST_FILE = Africa/Info.plist;
				INFOPLIST_KEY_UIApplicationSceneManifest_Generation = YES;
				INFOPLIST_KEY_UIApplicationSupportsIndirectInputEvents = YES;
				INFOPLIST_KEY_UISupportedInterfaceOrientations_iPad = "UIInterfaceOrientationPortrait UIInterfaceOrientationPortraitUpsideDown UIInterfaceOrientationLandscapeLeft UIInterfaceOrientationLandscapeRight";
				INFOPLIST_KEY_UISupportedInterfaceOrientations_iPhone = "UIInterfaceOrientationPortrait UIInterfaceOrientationLandscapeLeft UIInterfaceOrientationLandscapeRight";
				INFOPLIST_KEY_UIUserInterfaceStyle = Dark;
				IPHONEOS_DEPLOYMENT_TARGET = 15.0;
				LD_RUNPATH_SEARCH_PATHS = (
					"$(inherited)",
					"@executable_path/Frameworks",
				);
				MARKETING_VERSION = 1.0;
				PRODUCT_BUNDLE_IDENTIFIER = com.masami.Africa;
				PRODUCT_NAME = "$(TARGET_NAME)";
				SWIFT_EMIT_LOC_STRINGS = YES;
				SWIFT_VERSION = 5.0;
				TARGETED_DEVICE_FAMILY = "1,2";
			};
			name = Release;
		};
		E2B6F15A2A384E92003023C1 /* Debug */ = {
			isa = XCBuildConfiguration;
			buildSettings = {
				ASSETCATALOG_COMPILER_APPICON_NAME = "iMessage App Icon";
				CODE_SIGN_ENTITLEMENTS = Stickers/Stickers.entitlements;
				CODE_SIGN_STYLE = Automatic;
				CURRENT_PROJECT_VERSION = 1;
				DEVELOPMENT_TEAM = 2WY4RH7F35;
				GENERATE_INFOPLIST_FILE = YES;
				INFOPLIST_FILE = Stickers/Info.plist;
				INFOPLIST_KEY_CFBundleDisplayName = Stickers;
				MARKETING_VERSION = 1.0;
				PRODUCT_BUNDLE_IDENTIFIER = com.masami.Africa.Stickers;
				PRODUCT_NAME = "$(TARGET_NAME)";
				SKIP_INSTALL = YES;
				SUPPORTS_MACCATALYST = YES;
				SWIFT_EMIT_LOC_STRINGS = YES;
				TARGETED_DEVICE_FAMILY = "1,2";
			};
			name = Debug;
		};
		E2B6F15B2A384E92003023C1 /* Release */ = {
			isa = XCBuildConfiguration;
			buildSettings = {
				ASSETCATALOG_COMPILER_APPICON_NAME = "iMessage App Icon";
				CODE_SIGN_ENTITLEMENTS = Stickers/Stickers.entitlements;
				CODE_SIGN_STYLE = Automatic;
				CURRENT_PROJECT_VERSION = 1;
				DEVELOPMENT_TEAM = 2WY4RH7F35;
				GENERATE_INFOPLIST_FILE = YES;
				INFOPLIST_FILE = Stickers/Info.plist;
				INFOPLIST_KEY_CFBundleDisplayName = Stickers;
				MARKETING_VERSION = 1.0;
				PRODUCT_BUNDLE_IDENTIFIER = com.masami.Africa.Stickers;
				PRODUCT_NAME = "$(TARGET_NAME)";
				SKIP_INSTALL = YES;
				SUPPORTS_MACCATALYST = YES;
				SWIFT_EMIT_LOC_STRINGS = YES;
				TARGETED_DEVICE_FAMILY = "1,2";
			};
			name = Release;
		};
/* End XCBuildConfiguration section */

/* Begin XCConfigurationList section */
		E209575D2A32F55900FCBD47 /* Build configuration list for PBXProject "Africa" */ = {
			isa = XCConfigurationList;
			buildConfigurations = (
				E209576E2A32F55F00FCBD47 /* Debug */,
				E209576F2A32F55F00FCBD47 /* Release */,
			);
			defaultConfigurationIsVisible = 0;
			defaultConfigurationName = Release;
		};
		E20957702A32F55F00FCBD47 /* Build configuration list for PBXNativeTarget "Africa" */ = {
			isa = XCConfigurationList;
			buildConfigurations = (
				E20957712A32F55F00FCBD47 /* Debug */,
				E20957722A32F55F00FCBD47 /* Release */,
			);
			defaultConfigurationIsVisible = 0;
			defaultConfigurationName = Release;
		};
		E2B6F15C2A384E92003023C1 /* Build configuration list for PBXNativeTarget "Stickers" */ = {
			isa = XCConfigurationList;
			buildConfigurations = (
				E2B6F15A2A384E92003023C1 /* Debug */,
				E2B6F15B2A384E92003023C1 /* Release */,
			);
			defaultConfigurationIsVisible = 0;
			defaultConfigurationName = Release;
		};
/* End XCConfigurationList section */
	};
	rootObject = E209575A2A32F55900FCBD47 /* Project object */;
}
